
Microsoft Visual Studio Solution File, Format Version 12.00
# Visual Studio Version 17
VisualStudioVersion = 17.0.31903.59
MinimumVisualStudioVersion = 10.0.40219.1
Project("{2150E333-8FDC-42A3-9474-1A3956D46DE8}") = "src", "src", "{827E0CD3-B72D-47B6-A68D-7590B98EB39B}"
EndProject
Project("{FAE04EC0-301F-11D3-BF4B-00C04F79EFBC}") = "ProductCRUD.Api", "src\ProductCRUD.Api\ProductCRUD.Api.csproj", "{4AECB3EE-AEB4-4942-BB44-7E3702AFAA8C}"
EndProject
Project("{FAE04EC0-301F-11D3-BF4B-00C04F79EFBC}") = "ProductCRUD.Domain", "src\ProductCRUD.Domain\ProductCRUD.Domain.csproj", "{756A6D0B-F7D2-4BE1-B41F-0B85E3BB99CC}"
EndProject
Project("{FAE04EC0-301F-11D3-BF4B-00C04F79EFBC}") = "ProductCRUD.Application", "src\ProductCRUD.Application\ProductCRUD.Application.csproj", "{A445E6D0-4328-4FBB-9BBF-5B81B2CAF87B}"
EndProject
Project("{FAE04EC0-301F-11D3-BF4B-00C04F79EFBC}") = "ProductCRUD.Infrastructure", "src\ProductCRUD.Infrastructure\ProductCRUD.Infrastructure.csproj", "{B3B4F348-CE47-46AA-BFF4-69C942D67AF9}"
EndProject
Project("{2150E333-8FDC-42A3-9474-1A3956D46DE8}") = "tests", "tests", "{0AB3BF05-4346-4AA6-1389-037BE0695223}"
EndProject
Project("{FAE04EC0-301F-11D3-BF4B-00C04F79EFBC}") = "ProductCRUD.Tests", "tests\ProductCRUD.Tests\ProductCRUD.Tests.csproj", "{A693471A-B49E-43AA-9053-4FD636408637}"
EndProject
Global
	GlobalSection(SolutionConfigurationPlatforms) = preSolution
		Debug|Any CPU = Debug|Any CPU
		Debug|x64 = Debug|x64
		Debug|x86 = Debug|x86
		Release|Any CPU = Release|Any CPU
		Release|x64 = Release|x64
		Release|x86 = Release|x86
	EndGlobalSection
	GlobalSection(ProjectConfigurationPlatforms) = postSolution
		{4AECB3EE-AEB4-4942-BB44-7E3702AFAA8C}.Debug|Any CPU.ActiveCfg = Debug|Any CPU
		{4AECB3EE-AEB4-4942-BB44-7E3702AFAA8C}.Debug|Any CPU.Build.0 = Debug|Any CPU
		{4AECB3EE-AEB4-4942-BB44-7E3702AFAA8C}.Debug|x64.ActiveCfg = Debug|Any CPU
		{4AECB3EE-AEB4-4942-BB44-7E3702AFAA8C}.Debug|x64.Build.0 = Debug|Any CPU
		{4AECB3EE-AEB4-4942-BB44-7E3702AFAA8C}.Debug|x86.ActiveCfg = Debug|Any CPU
		{4AECB3EE-AEB4-4942-BB44-7E3702AFAA8C}.Debug|x86.Build.0 = Debug|Any CPU
		{4AECB3EE-AEB4-4942-BB44-7E3702AFAA8C}.Release|Any CPU.ActiveCfg = Release|Any CPU
		{4AECB3EE-AEB4-4942-BB44-7E3702AFAA8C}.Release|Any CPU.Build.0 = Release|Any CPU
		{4AECB3EE-AEB4-4942-BB44-7E3702AFAA8C}.Release|x64.ActiveCfg = Release|Any CPU
		{4AECB3EE-AEB4-4942-BB44-7E3702AFAA8C}.Release|x64.Build.0 = Release|Any CPU
		{4AECB3EE-AEB4-4942-BB44-7E3702AFAA8C}.Release|x86.ActiveCfg = Release|Any CPU
		{4AECB3EE-AEB4-4942-BB44-7E3702AFAA8C}.Release|x86.Build.0 = Release|Any CPU
		{756A6D0B-F7D2-4BE1-B41F-0B85E3BB99CC}.Debug|Any CPU.ActiveCfg = Debug|Any CPU
		{756A6D0B-F7D2-4BE1-B41F-0B85E3BB99CC}.Debug|Any CPU.Build.0 = Debug|Any CPU
		{756A6D0B-F7D2-4BE1-B41F-0B85E3BB99CC}.Debug|x64.ActiveCfg = Debug|Any CPU
		{756A6D0B-F7D2-4BE1-B41F-0B85E3BB99CC}.Debug|x64.Build.0 = Debug|Any CPU
		{756A6D0B-F7D2-4BE1-B41F-0B85E3BB99CC}.Debug|x86.ActiveCfg = Debug|Any CPU
		{756A6D0B-F7D2-4BE1-B41F-0B85E3BB99CC}.Debug|x86.Build.0 = Debug|Any CPU
		{756A6D0B-F7D2-4BE1-B41F-0B85E3BB99CC}.Release|Any CPU.ActiveCfg = Release|Any CPU
		{756A6D0B-F7D2-4BE1-B41F-0B85E3BB99CC}.Release|Any CPU.Build.0 = Release|Any CPU
		{756A6D0B-F7D2-4BE1-B41F-0B85E3BB99CC}.Release|x64.ActiveCfg = Release|Any CPU
		{756A6D0B-F7D2-4BE1-B41F-0B85E3BB99CC}.Release|x64.Build.0 = Release|Any CPU
		{756A6D0B-F7D2-4BE1-B41F-0B85E3BB99CC}.Release|x86.ActiveCfg = Release|Any CPU
		{756A6D0B-F7D2-4BE1-B41F-0B85E3BB99CC}.Release|x86.Build.0 = Release|Any CPU
		{A445E6D0-4328-4FBB-9BBF-5B81B2CAF87B}.Debug|Any CPU.ActiveCfg = Debug|Any CPU
		{A445E6D0-4328-4FBB-9BBF-5B81B2CAF87B}.Debug|Any CPU.Build.0 = Debug|Any CPU
		{A445E6D0-4328-4FBB-9BBF-5B81B2CAF87B}.Debug|x64.ActiveCfg = Debug|Any CPU
		{A445E6D0-4328-4FBB-9BBF-5B81B2CAF87B}.Debug|x64.Build.0 = Debug|Any CPU
		{A445E6D0-4328-4FBB-9BBF-5B81B2CAF87B}.Debug|x86.ActiveCfg = Debug|Any CPU
		{A445E6D0-4328-4FBB-9BBF-5B81B2CAF87B}.Debug|x86.Build.0 = Debug|Any CPU
		{A445E6D0-4328-4FBB-9BBF-5B81B2CAF87B}.Release|Any CPU.ActiveCfg = Release|Any CPU
		{A445E6D0-4328-4FBB-9BBF-5B81B2CAF87B}.Release|Any CPU.Build.0 = Release|Any CPU
		{A445E6D0-4328-4FBB-9BBF-5B81B2CAF87B}.Release|x64.ActiveCfg = Release|Any CPU
		{A445E6D0-4328-4FBB-9BBF-5B81B2CAF87B}.Release|x64.Build.0 = Release|Any CPU
		{A445E6D0-4328-4FBB-9BBF-5B81B2CAF87B}.Release|x86.ActiveCfg = Release|Any CPU
		{A445E6D0-4328-4FBB-9BBF-5B81B2CAF87B}.Release|x86.Build.0 = Release|Any CPU
		{B3B4F348-CE47-46AA-BFF4-69C942D67AF9}.Debug|Any CPU.ActiveCfg = Debug|Any CPU
		{B3B4F348-CE47-46AA-BFF4-69C942D67AF9}.Debug|Any CPU.Build.0 = Debug|Any CPU
		{B3B4F348-CE47-46AA-BFF4-69C942D67AF9}.Debug|x64.ActiveCfg = Debug|Any CPU
		{B3B4F348-CE47-46AA-BFF4-69C942D67AF9}.Debug|x64.Build.0 = Debug|Any CPU
		{B3B4F348-CE47-46AA-BFF4-69C942D67AF9}.Debug|x86.ActiveCfg = Debug|Any CPU
		{B3B4F348-CE47-46AA-BFF4-69C942D67AF9}.Debug|x86.Build.0 = Debug|Any CPU
		{B3B4F348-CE47-46AA-BFF4-69C942D67AF9}.Release|Any CPU.ActiveCfg = Release|Any CPU
		{B3B4F348-CE47-46AA-BFF4-69C942D67AF9}.Release|Any CPU.Build.0 = Release|Any CPU
		{B3B4F348-CE47-46AA-BFF4-69C942D67AF9}.Release|x64.ActiveCfg = Release|Any CPU
		{B3B4F348-CE47-46AA-BFF4-69C942D67AF9}.Release|x64.Build.0 = Release|Any CPU
		{B3B4F348-CE47-46AA-BFF4-69C942D67AF9}.Release|x86.ActiveCfg = Release|Any CPU
		{B3B4F348-CE47-46AA-BFF4-69C942D67AF9}.Release|x86.Build.0 = Release|Any CPU
		{A693471A-B49E-43AA-9053-4FD636408637}.Debug|Any CPU.ActiveCfg = Debug|Any CPU
		{A693471A-B49E-43AA-9053-4FD636408637}.Debug|Any CPU.Build.0 = Debug|Any CPU
		{A693471A-B49E-43AA-9053-4FD636408637}.Debug|x64.ActiveCfg = Debug|Any CPU
		{A693471A-B49E-43AA-9053-4FD636408637}.Debug|x64.Build.0 = Debug|Any CPU
		{A693471A-B49E-43AA-9053-4FD636408637}.Debug|x86.ActiveCfg = Debug|Any CPU
		{A693471A-B49E-43AA-9053-4FD636408637}.Debug|x86.Build.0 = Debug|Any CPU
		{A693471A-B49E-43AA-9053-4FD636408637}.Release|Any CPU.ActiveCfg = Release|Any CPU
		{A693471A-B49E-43AA-9053-4FD636408637}.Release|Any CPU.Build.0 = Release|Any CPU
		{A693471A-B49E-43AA-9053-4FD636408637}.Release|x64.ActiveCfg = Release|Any CPU
		{A693471A-B49E-43AA-9053-4FD636408637}.Release|x64.Build.0 = Release|Any CPU
		{A693471A-B49E-43AA-9053-4FD636408637}.Release|x86.ActiveCfg = Release|Any CPU
		{A693471A-B49E-43AA-9053-4FD636408637}.Release|x86.Build.0 = Release|Any CPU
	EndGlobalSection
	GlobalSection(SolutionProperties) = preSolution
		HideSolutionNode = FALSE
	EndGlobalSection
	GlobalSection(NestedProjects) = preSolution
		{4AECB3EE-AEB4-4942-BB44-7E3702AFAA8C} = {827E0CD3-B72D-47B6-A68D-7590B98EB39B}
		{756A6D0B-F7D2-4BE1-B41F-0B85E3BB99CC} = {827E0CD3-B72D-47B6-A68D-7590B98EB39B}
		{A445E6D0-4328-4FBB-9BBF-5B81B2CAF87B} = {827E0CD3-B72D-47B6-A68D-7590B98EB39B}
		{B3B4F348-CE47-46AA-BFF4-69C942D67AF9} = {827E0CD3-B72D-47B6-A68D-7590B98EB39B}
		{A693471A-B49E-43AA-9053-4FD636408637} = {0AB3BF05-4346-4AA6-1389-037BE0695223}
	EndGlobalSection
EndGlobal
